
Microsoft Visual Studio Solution File, Format Version 11.00
# Visual Studio 2010
Project("{FAE04EC0-301F-11D3-BF4B-00C04F79EFBC}") = "Assembly-CSharp", "Assembly-CSharp.csproj", "{B7A283E0-72DA-00A4-8124-02D82A193EF6}"
EndProject
Project("{FAE04EC0-301F-11D3-BF4B-00C04F79EFBC}") = "Assembly-CSharp-Editor", "Assembly-CSharp-Editor.csproj", "{E4A7F554-D5D0-F03D-1A84-BEFA43CB3D03}"
EndProject
Global
	GlobalSection(SolutionConfigurationPlatforms) = preSolution
		Debug|Any CPU = Debug|Any CPU
		Release|Any CPU = Release|Any CPU
	EndGlobalSection
	GlobalSection(ProjectConfigurationPlatforms) = postSolution
		{B7A283E0-72DA-00A4-8124-02D82A193EF6}.Debug|Any CPU.ActiveCfg = Debug|Any CPU
		{B7A283E0-72DA-00A4-8124-02D82A193EF6}.Debug|Any CPU.Build.0 = Debug|Any CPU
		{B7A283E0-72DA-00A4-8124-02D82A193EF6}.Release|Any CPU.ActiveCfg = Release|Any CPU
		{B7A283E0-72DA-00A4-8124-02D82A193EF6}.Release|Any CPU.Build.0 = Release|Any CPU
		{E4A7F554-D5D0-F03D-1A84-BEFA43CB3D03}.Debug|Any CPU.ActiveCfg = Debug|Any CPU
		{E4A7F554-D5D0-F03D-1A84-BEFA43CB3D03}.Debug|Any CPU.Build.0 = Debug|Any CPU
		{E4A7F554-D5D0-F03D-1A84-BEFA43CB3D03}.Release|Any CPU.ActiveCfg = Release|Any CPU
		{E4A7F554-D5D0-F03D-1A84-BEFA43CB3D03}.Release|Any CPU.Build.0 = Release|Any CPU
	EndGlobalSection
	GlobalSection(SolutionProperties) = preSolution
		HideSolutionNode = FALSE
	EndGlobalSection
EndGlobal
